
Microsoft Visual Studio Solution File, Format Version 12.00
# Visual Studio Version 17
VisualStudioVersion = 17.2.32505.173
MinimumVisualStudioVersion = 10.0.40219.1
Project("{2150E333-8FDC-42A3-9474-1A3956D46DE8}") = "Domain", "Domain", "{E404E51C-E46E-4C41-AED9-1AB843F89B1E}"
EndProject
Project("{9A19103F-16F7-4668-BE54-9A1E7A4F7556}") = "Server.Domain", "Server.Domain\Server.Domain.csproj", "{2A1EF111-BED9-4628-B5A7-16154E4C0CDA}"
EndProject
Project("{9A19103F-16F7-4668-BE54-9A1E7A4F7556}") = "01_Framework_RepositoriesContract", "01_Framework_RepositoriesContract\01_Framework_RepositoriesContract.csproj", "{1DABD512-4B0C-4569-B9F7-A11751AC50E2}"
EndProject
Project("{2150E333-8FDC-42A3-9474-1A3956D46DE8}") = "Application", "Application", "{355F0415-2FB6-4463-8A20-B48DEDC173EA}"
EndProject
Project("{9A19103F-16F7-4668-BE54-9A1E7A4F7556}") = "Server.Application.Contract", "Server.Application.Contract\Server.Application.Contract.csproj", "{AD00454A-0926-4FB0-9F3E-EE12D1E26DB9}"
	ProjectSection(ProjectDependencies) = postProject
		{2A1EF111-BED9-4628-B5A7-16154E4C0CDA} = {2A1EF111-BED9-4628-B5A7-16154E4C0CDA}
	EndProjectSection
EndProject
Project("{2150E333-8FDC-42A3-9474-1A3956D46DE8}") = "Infrasructure", "Infrasructure", "{FFA17CA8-66B1-4C60-BECB-CA3351E5BD29}"
EndProject
Project("{9A19103F-16F7-4668-BE54-9A1E7A4F7556}") = "Server.MainSettings", "Server.MainSettings\Server.MainSettings.csproj", "{DC2CF56A-68C5-43A8-85DD-C7972F02BFF4}"
	ProjectSection(ProjectDependencies) = postProject
		{1DABD512-4B0C-4569-B9F7-A11751AC50E2} = {1DABD512-4B0C-4569-B9F7-A11751AC50E2}
		{2A1EF111-BED9-4628-B5A7-16154E4C0CDA} = {2A1EF111-BED9-4628-B5A7-16154E4C0CDA}
		{AD00454A-0926-4FB0-9F3E-EE12D1E26DB9} = {AD00454A-0926-4FB0-9F3E-EE12D1E26DB9}
		{EE213964-4EAE-4C9D-A66E-8ADA549F5B80} = {EE213964-4EAE-4C9D-A66E-8ADA549F5B80}
	EndProjectSection
EndProject
Project("{9A19103F-16F7-4668-BE54-9A1E7A4F7556}") = "Server.EFcore", "Server.EFcore\Server.EFcore.csproj", "{EE213964-4EAE-4C9D-A66E-8ADA549F5B80}"
	ProjectSection(ProjectDependencies) = postProject
		{1DABD512-4B0C-4569-B9F7-A11751AC50E2} = {1DABD512-4B0C-4569-B9F7-A11751AC50E2}
		{2A1EF111-BED9-4628-B5A7-16154E4C0CDA} = {2A1EF111-BED9-4628-B5A7-16154E4C0CDA}
		{AD00454A-0926-4FB0-9F3E-EE12D1E26DB9} = {AD00454A-0926-4FB0-9F3E-EE12D1E26DB9}
	EndProjectSection
EndProject
Project("{9A19103F-16F7-4668-BE54-9A1E7A4F7556}") = "Server.Application", "Server.Application\Server.Application.csproj", "{3E35C2B7-4F31-4FCB-A30B-3AE012FE3DFD}"
EndProject
Project("{FAE04EC0-301F-11D3-BF4B-00C04F79EFBC}") = "Server.Resources", "Server.Resources\Server.Resources.csproj", "{846A6BFF-A7AA-43ED-A735-F6ECE6186466}"
EndProject
Project("{FAE04EC0-301F-11D3-BF4B-00C04F79EFBC}") = "Server.Ui", "Server.Ui\Server.Ui.csproj", "{6FF3C65F-A45D-4A73-AFA9-B3AFC7FBD752}"
EndProject
Global
	GlobalSection(SolutionConfigurationPlatforms) = preSolution
		Debug|Any CPU = Debug|Any CPU
		Release|Any CPU = Release|Any CPU
	EndGlobalSection
	GlobalSection(ProjectConfigurationPlatforms) = postSolution
		{2A1EF111-BED9-4628-B5A7-16154E4C0CDA}.Debug|Any CPU.ActiveCfg = Debug|Any CPU
		{2A1EF111-BED9-4628-B5A7-16154E4C0CDA}.Debug|Any CPU.Build.0 = Debug|Any CPU
		{2A1EF111-BED9-4628-B5A7-16154E4C0CDA}.Release|Any CPU.ActiveCfg = Release|Any CPU
		{2A1EF111-BED9-4628-B5A7-16154E4C0CDA}.Release|Any CPU.Build.0 = Release|Any CPU
		{1DABD512-4B0C-4569-B9F7-A11751AC50E2}.Debug|Any CPU.ActiveCfg = Debug|Any CPU
		{1DABD512-4B0C-4569-B9F7-A11751AC50E2}.Debug|Any CPU.Build.0 = Debug|Any CPU
		{1DABD512-4B0C-4569-B9F7-A11751AC50E2}.Release|Any CPU.ActiveCfg = Release|Any CPU
		{1DABD512-4B0C-4569-B9F7-A11751AC50E2}.Release|Any CPU.Build.0 = Release|Any CPU
		{AD00454A-0926-4FB0-9F3E-EE12D1E26DB9}.Debug|Any CPU.ActiveCfg = Debug|Any CPU
		{AD00454A-0926-4FB0-9F3E-EE12D1E26DB9}.Debug|Any CPU.Build.0 = Debug|Any CPU
		{AD00454A-0926-4FB0-9F3E-EE12D1E26DB9}.Release|Any CPU.ActiveCfg = Release|Any CPU
		{AD00454A-0926-4FB0-9F3E-EE12D1E26DB9}.Release|Any CPU.Build.0 = Release|Any CPU
		{DC2CF56A-68C5-43A8-85DD-C7972F02BFF4}.Debug|Any CPU.ActiveCfg = Debug|Any CPU
		{DC2CF56A-68C5-43A8-85DD-C7972F02BFF4}.Debug|Any CPU.Build.0 = Debug|Any CPU
		{DC2CF56A-68C5-43A8-85DD-C7972F02BFF4}.Release|Any CPU.ActiveCfg = Release|Any CPU
		{DC2CF56A-68C5-43A8-85DD-C7972F02BFF4}.Release|Any CPU.Build.0 = Release|Any CPU
		{EE213964-4EAE-4C9D-A66E-8ADA549F5B80}.Debug|Any CPU.ActiveCfg = Debug|Any CPU
		{EE213964-4EAE-4C9D-A66E-8ADA549F5B80}.Debug|Any CPU.Build.0 = Debug|Any CPU
		{EE213964-4EAE-4C9D-A66E-8ADA549F5B80}.Release|Any CPU.ActiveCfg = Release|Any CPU
		{EE213964-4EAE-4C9D-A66E-8ADA549F5B80}.Release|Any CPU.Build.0 = Release|Any CPU
		{3E35C2B7-4F31-4FCB-A30B-3AE012FE3DFD}.Debug|Any CPU.ActiveCfg = Debug|Any CPU
		{3E35C2B7-4F31-4FCB-A30B-3AE012FE3DFD}.Debug|Any CPU.Build.0 = Debug|Any CPU
		{3E35C2B7-4F31-4FCB-A30B-3AE012FE3DFD}.Release|Any CPU.ActiveCfg = Release|Any CPU
		{3E35C2B7-4F31-4FCB-A30B-3AE012FE3DFD}.Release|Any CPU.Build.0 = Release|Any CPU
		{846A6BFF-A7AA-43ED-A735-F6ECE6186466}.Debug|Any CPU.ActiveCfg = Debug|Any CPU
		{846A6BFF-A7AA-43ED-A735-F6ECE6186466}.Debug|Any CPU.Build.0 = Debug|Any CPU
		{846A6BFF-A7AA-43ED-A735-F6ECE6186466}.Release|Any CPU.ActiveCfg = Release|Any CPU
		{846A6BFF-A7AA-43ED-A735-F6ECE6186466}.Release|Any CPU.Build.0 = Release|Any CPU
		{6FF3C65F-A45D-4A73-AFA9-B3AFC7FBD752}.Debug|Any CPU.ActiveCfg = Debug|Any CPU
		{6FF3C65F-A45D-4A73-AFA9-B3AFC7FBD752}.Debug|Any CPU.Build.0 = Debug|Any CPU
		{6FF3C65F-A45D-4A73-AFA9-B3AFC7FBD752}.Release|Any CPU.ActiveCfg = Release|Any CPU
		{6FF3C65F-A45D-4A73-AFA9-B3AFC7FBD752}.Release|Any CPU.Build.0 = Release|Any CPU
	EndGlobalSection
	GlobalSection(SolutionProperties) = preSolution
		HideSolutionNode = FALSE
	EndGlobalSection
	GlobalSection(NestedProjects) = preSolution
		{2A1EF111-BED9-4628-B5A7-16154E4C0CDA} = {E404E51C-E46E-4C41-AED9-1AB843F89B1E}
		{1DABD512-4B0C-4569-B9F7-A11751AC50E2} = {E404E51C-E46E-4C41-AED9-1AB843F89B1E}
		{AD00454A-0926-4FB0-9F3E-EE12D1E26DB9} = {355F0415-2FB6-4463-8A20-B48DEDC173EA}
		{DC2CF56A-68C5-43A8-85DD-C7972F02BFF4} = {FFA17CA8-66B1-4C60-BECB-CA3351E5BD29}
		{EE213964-4EAE-4C9D-A66E-8ADA549F5B80} = {FFA17CA8-66B1-4C60-BECB-CA3351E5BD29}
		{3E35C2B7-4F31-4FCB-A30B-3AE012FE3DFD} = {355F0415-2FB6-4463-8A20-B48DEDC173EA}
		{846A6BFF-A7AA-43ED-A735-F6ECE6186466} = {FFA17CA8-66B1-4C60-BECB-CA3351E5BD29}
		{6FF3C65F-A45D-4A73-AFA9-B3AFC7FBD752} = {FFA17CA8-66B1-4C60-BECB-CA3351E5BD29}
	EndGlobalSection
	GlobalSection(ExtensibilityGlobals) = postSolution
		SolutionGuid = {71095333-7338-478A-BA10-20B354816F68}
	EndGlobalSection
EndGlobal
